github.com/HugoBlox/hugo-blox-builder/modules/blox-plugin-netlify v1.1.2-0.20231125204555-f431a4a2c705 h1:by3eQpqEvX+GXb4UeDLQeNa9hRf1YdcBrwN61vATMZs=
github.com/HugoBlox/hugo-blox-builder/modules/blox-plugin-netlify v1.1.2-0.20231125204555-f431a4a2c705/go.mod h1:C7jfxMLv1bEUqbM9XDSmEpfOpS8w06OgqNDEcbuRgL4=
github.com/HugoBlox/hugo-blox-builder/modules/blox-tailwind v0.2.1-0.20240226204435-b7ae01c12355 h1:JvVKkA0+qIQlpc5TIA4AQKBPG8f2AykjKMUF56H+t6c=
github.com/HugoBlox/hugo-blox-builder/modules/blox-tailwind v0.2.1-0.20240226204435-b7ae01c12355/go.mod h1:+qBbqXbKT7M2nOeHQa5OrRXwQKpEx1RXpMGirHbT7HU=
